
Microsoft Visual Studio Solution File, Format Version 12.00
# Visual Studio Version 17
VisualStudioVersion = 17.5.33530.505
MinimumVisualStudioVersion = 10.0.40219.1
Project("{2150E333-8FDC-42A3-9474-1A3956D46DE8}") = "src", "src", "{55CE1C14-A1CA-4E3F-A41D-D96D334CA99D}"
EndProject
Project("{9A19103F-16F7-4668-BE54-9A1E7A4F7556}") = "Sampling", "src\Sampling\Sampling.csproj", "{43448956-EA18-460C-AD68-33D27BEED314}"
EndProject
Project("{2150E333-8FDC-42A3-9474-1A3956D46DE8}") = "tests", "tests", "{77061222-2BE2-4961-92D1-0D318E9DCE51}"
EndProject
Project("{FAE04EC0-301F-11D3-BF4B-00C04F79EFBC}") = "Sampling.UnitTests", "tests\Sampling.UnitTests\Sampling.UnitTests.csproj", "{F72B50BB-9D63-4217-A24F-EEB87B5E3882}"
EndProject
Global
	GlobalSection(SolutionConfigurationPlatforms) = preSolution
		Debug|Any CPU = Debug|Any CPU
		Release|Any CPU = Release|Any CPU
	EndGlobalSection
	GlobalSection(ProjectConfigurationPlatforms) = postSolution
		{43448956-EA18-460C-AD68-33D27BEED314}.Debug|Any CPU.ActiveCfg = Debug|Any CPU
		{43448956-EA18-460C-AD68-33D27BEED314}.Debug|Any CPU.Build.0 = Debug|Any CPU
		{43448956-EA18-460C-AD68-33D27BEED314}.Release|Any CPU.ActiveCfg = Release|Any CPU
		{43448956-EA18-460C-AD68-33D27BEED314}.Release|Any CPU.Build.0 = Release|Any CPU
		{F72B50BB-9D63-4217-A24F-EEB87B5E3882}.Debug|Any CPU.ActiveCfg = Debug|Any CPU
		{F72B50BB-9D63-4217-A24F-EEB87B5E3882}.Debug|Any CPU.Build.0 = Debug|Any CPU
		{F72B50BB-9D63-4217-A24F-EEB87B5E3882}.Release|Any CPU.ActiveCfg = Release|Any CPU
		{F72B50BB-9D63-4217-A24F-EEB87B5E3882}.Release|Any CPU.Build.0 = Release|Any CPU
	EndGlobalSection
	GlobalSection(SolutionProperties) = preSolution
		HideSolutionNode = FALSE
	EndGlobalSection
	GlobalSection(NestedProjects) = preSolution
		{43448956-EA18-460C-AD68-33D27BEED314} = {55CE1C14-A1CA-4E3F-A41D-D96D334CA99D}
		{F72B50BB-9D63-4217-A24F-EEB87B5E3882} = {77061222-2BE2-4961-92D1-0D318E9DCE51}
	EndGlobalSection
	GlobalSection(ExtensibilityGlobals) = postSolution
		SolutionGuid = {605EE1AD-342C-420F-8378-93ACAB2ED7A7}
	EndGlobalSection
EndGlobal
